
Microsoft Visual Studio Solution File, Format Version 12.00
# Visual Studio Version 17
VisualStudioVersion = 17.0.31903.59
MinimumVisualStudioVersion = 10.0.40219.1
Project("{2150E333-8FDC-42A3-9474-1A3956D46DE8}") = "projects", "projects", "{47B1CC9B-A0EC-4043-B9AD-38A8FACF7DA0}"
EndProject
Project("{FAE04EC0-301F-11D3-BF4B-00C04F79EFBC}") = "projects", "projects\Domain\projects.csproj", "{39984500-DE35-4C60-A6F3-477745E84295}"
EndProject
Project("{FAE04EC0-301F-11D3-BF4B-00C04F79EFBC}") = "Infrastructure", "projects\Infrastructure\Infrastructure.csproj", "{5F5889FC-A61F-4A65-A5E6-310C5EC608EE}"
EndProject
Project("{FAE04EC0-301F-11D3-BF4B-00C04F79EFBC}") = "Fixtures", "projects\Fixtures\Fixtures.csproj", "{DED985DC-4255-42B0-AD5E-3AFA55C619EA}"
EndProject
Project("{FAE04EC0-301F-11D3-BF4B-00C04F79EFBC}") = "Domain", "projects\Domain\Domain.csproj", "{4DE73F63-E3D2-4A91-877B-5A44C7683F61}"
EndProject
Project("{FAE04EC0-301F-11D3-BF4B-00C04F79EFBC}") = "Domain.Tests", "projects\Domain.Tests\Domain.Tests.csproj", "{B42714C1-1C59-4A45-8BA9-C46ECDB24333}"
EndProject
Project("{FAE04EC0-301F-11D3-BF4B-00C04F79EFBC}") = "Infrastructure.Tests", "projects\Infrastructure.Tests\Infrastructure.Tests.csproj", "{E4219ADF-8E88-475D-9DA5-6BC40D192B5B}"
EndProject
Global
	GlobalSection(SolutionConfigurationPlatforms) = preSolution
		Debug|Any CPU = Debug|Any CPU
		Release|Any CPU = Release|Any CPU
	EndGlobalSection
	GlobalSection(SolutionProperties) = preSolution
		HideSolutionNode = FALSE
	EndGlobalSection
	GlobalSection(ProjectConfigurationPlatforms) = postSolution
		{5F5889FC-A61F-4A65-A5E6-310C5EC608EE}.Debug|Any CPU.ActiveCfg = Debug|Any CPU
		{5F5889FC-A61F-4A65-A5E6-310C5EC608EE}.Debug|Any CPU.Build.0 = Debug|Any CPU
		{5F5889FC-A61F-4A65-A5E6-310C5EC608EE}.Release|Any CPU.ActiveCfg = Release|Any CPU
		{5F5889FC-A61F-4A65-A5E6-310C5EC608EE}.Release|Any CPU.Build.0 = Release|Any CPU
		{DED985DC-4255-42B0-AD5E-3AFA55C619EA}.Debug|Any CPU.ActiveCfg = Debug|Any CPU
		{DED985DC-4255-42B0-AD5E-3AFA55C619EA}.Debug|Any CPU.Build.0 = Debug|Any CPU
		{DED985DC-4255-42B0-AD5E-3AFA55C619EA}.Release|Any CPU.ActiveCfg = Release|Any CPU
		{DED985DC-4255-42B0-AD5E-3AFA55C619EA}.Release|Any CPU.Build.0 = Release|Any CPU
		{4DE73F63-E3D2-4A91-877B-5A44C7683F61}.Debug|Any CPU.ActiveCfg = Debug|Any CPU
		{4DE73F63-E3D2-4A91-877B-5A44C7683F61}.Debug|Any CPU.Build.0 = Debug|Any CPU
		{4DE73F63-E3D2-4A91-877B-5A44C7683F61}.Release|Any CPU.ActiveCfg = Release|Any CPU
		{4DE73F63-E3D2-4A91-877B-5A44C7683F61}.Release|Any CPU.Build.0 = Release|Any CPU
		{B42714C1-1C59-4A45-8BA9-C46ECDB24333}.Debug|Any CPU.ActiveCfg = Debug|Any CPU
		{B42714C1-1C59-4A45-8BA9-C46ECDB24333}.Debug|Any CPU.Build.0 = Debug|Any CPU
		{B42714C1-1C59-4A45-8BA9-C46ECDB24333}.Release|Any CPU.ActiveCfg = Release|Any CPU
		{B42714C1-1C59-4A45-8BA9-C46ECDB24333}.Release|Any CPU.Build.0 = Release|Any CPU
		{E4219ADF-8E88-475D-9DA5-6BC40D192B5B}.Debug|Any CPU.ActiveCfg = Debug|Any CPU
		{E4219ADF-8E88-475D-9DA5-6BC40D192B5B}.Debug|Any CPU.Build.0 = Debug|Any CPU
		{E4219ADF-8E88-475D-9DA5-6BC40D192B5B}.Release|Any CPU.ActiveCfg = Release|Any CPU
		{E4219ADF-8E88-475D-9DA5-6BC40D192B5B}.Release|Any CPU.Build.0 = Release|Any CPU
	EndGlobalSection
	GlobalSection(NestedProjects) = preSolution
		{39984500-DE35-4C60-A6F3-477745E84295} = {47B1CC9B-A0EC-4043-B9AD-38A8FACF7DA0}
		{5F5889FC-A61F-4A65-A5E6-310C5EC608EE} = {47B1CC9B-A0EC-4043-B9AD-38A8FACF7DA0}
		{DED985DC-4255-42B0-AD5E-3AFA55C619EA} = {47B1CC9B-A0EC-4043-B9AD-38A8FACF7DA0}
		{4DE73F63-E3D2-4A91-877B-5A44C7683F61} = {47B1CC9B-A0EC-4043-B9AD-38A8FACF7DA0}
		{B42714C1-1C59-4A45-8BA9-C46ECDB24333} = {47B1CC9B-A0EC-4043-B9AD-38A8FACF7DA0}
		{E4219ADF-8E88-475D-9DA5-6BC40D192B5B} = {47B1CC9B-A0EC-4043-B9AD-38A8FACF7DA0}
	EndGlobalSection
EndGlobal
